<?xml version="1.0" encoding="utf-8"?>
<Project ToolsVersion="4.0" xmlns="http://schemas.microsoft.com/developer/msbuild/2003">
  <ItemGroup>
    <Filter Include="Source Files">
      <UniqueIdentifier>{e6d4e105-0939-48df-8cb7-d7d9558dae38}</UniqueIdentifier>
    </Filter>
    <Filter Include="Header Files">
      <UniqueIdentifier>{fb8ca8f1-6c52-4c34-a766-b058ae4145f9}</UniqueIdentifier>
    </Filter>
    <Filter Include="ModelData">
      <UniqueIdentifier>{89938db4-4ecc-4709-a06c-a823c33981e0}</UniqueIdentifier>
    </Filter>
  </ItemGroup>
  <ItemGroup>
    <ClInclude Include="..\..\inc\ImportModel\ImportScene.h">
      <Filter>Header Files</Filter>
    </ClInclude>
    <ClInclude Include="..\..\inc\ImportModel\ModelData\BoundingBox.h">
      <Filter>ModelData</Filter>
    </ClInclude>
    <ClInclude Include="..\..\inc\ImportModel\ModelData\Material.hpp">
      <Filter>ModelData</Filter>
    </ClInclude>
    <ClInclude Include="..\..\inc\ImportModel\ModelData\Model.h">
      <Filter>ModelData</Filter>
    </ClInclude>
    <ClInclude Include="..\..\inc\ImportModel\ModelData\Primitive.h">
      <Filter>ModelData</Filter>
    </ClInclude>
    <ClInclude Include="..\..\inc\ImportModel\ModelData\Texture.h">
      <Filter>ModelData</Filter>
    </ClInclude>
    <ClInclude Include="..\..\inc\ImportModel\ModelData\Animation.hpp">
      <Filter>ModelData</Filter>
    </ClInclude>
    <ClInclude Include="..\..\inc\ImportModel\ModelData\Mesh.h">
      <Filter>ModelData</Filter>
    </ClInclude>
    <ClInclude Include="..\..\inc\ImportModel\ModelData\Node.h">
      <Filter>ModelData</Filter>
    </ClInclude>
    <ClInclude Include="..\..\inc\ImportModel\ModelData\Skin.hpp">
      <Filter>ModelData</Filter>
    </ClInclude>
  </ItemGroup>
  <ItemGroup>
    <ClCompile Include="ImportScene.cpp">
      <Filter>Source Files</Filter>
    </ClCompile>
    <ClCompile Include="ModelData\BoundingBox.cpp">
      <Filter>ModelData</Filter>
    </ClCompile>
    <ClCompile Include="ModelData\Model.cpp">
      <Filter>ModelData</Filter>
    </ClCompile>
    <ClCompile Include="ModelData\Primitive.cpp">
      <Filter>ModelData</Filter>
    </ClCompile>
    <ClCompile Include="ModelData\Texture.cpp">
      <Filter>ModelData</Filter>
    </ClCompile>
    <ClCompile Include="ModelData\Mesh.cpp">
      <Filter>ModelData</Filter>
    </ClCompile>
    <ClCompile Include="ModelData\Node.cpp">
      <Filter>ModelData</Filter>
    </ClCompile>
  </ItemGroup>
</Project>